
Microsoft Visual Studio Solution File, Format Version 12.00
# Visual Studio 15
VisualStudioVersion = 15.0.26730.12
MinimumVisualStudioVersion = 10.0.40219.1
Project("{FAE04EC0-301F-11D3-BF4B-00C04F79EFBC}") = "01. Numbers1NWithStep3", "01. Numbers1NWithStep3\01. Numbers1NWithStep3.csproj", "{E4CA5A2F-0CB5-4501-9955-935B04FA44BA}"
EndProject
Project("{FAE04EC0-301F-11D3-BF4B-00C04F79EFBC}") = "02. NumbersN1", "02. NumbersN1\02. NumbersN1.csproj", "{DD9D69B8-5243-4823-BC1E-AF7FC88D1C98}"
EndProject
Project("{FAE04EC0-301F-11D3-BF4B-00C04F79EFBC}") = "03. PowersOfTwo", "03. PowersOfTwo\03. PowersOfTwo.csproj", "{C1A05FBF-9BB8-40B8-84CE-93B977D3D0CE}"
EndProject
Project("{FAE04EC0-301F-11D3-BF4B-00C04F79EFBC}") = "04. EvenPowersOf2", "04. EvenPowersOf2\04. EvenPowersOf2.csproj", "{BF492DF5-881D-42D2-BDB4-D326DCB6EA68}"
EndProject
Project("{FAE04EC0-301F-11D3-BF4B-00C04F79EFBC}") = "05. Sequence2KPlus1", "05. Sequence2KPlus1\05. Sequence2KPlus1.csproj", "{DD7A0FF6-B9DD-4332-A77B-4F90CC6119ED}"
EndProject
Project("{FAE04EC0-301F-11D3-BF4B-00C04F79EFBC}") = "06. NumberInRange1To100", "06. NumberInRange1To100\06. NumberInRange1To100.csproj", "{44D3DF6B-A703-44E5-86F3-D369FB7BD746}"
EndProject
Project("{FAE04EC0-301F-11D3-BF4B-00C04F79EFBC}") = "07. GreatestCommonDivisor", "07. GreatestCommonDivisor\07. GreatestCommonDivisor.csproj", "{183E29B3-5AAC-4A3B-BF42-E75E12F75411}"
EndProject
Project("{FAE04EC0-301F-11D3-BF4B-00C04F79EFBC}") = "08. Factorial", "08. Factorial\08. Factorial.csproj", "{8CDB917E-90A4-4E04-B91D-CEF2E9E9779D}"
EndProject
Project("{FAE04EC0-301F-11D3-BF4B-00C04F79EFBC}") = "09. SumDigits", "09. SumDigits\09. SumDigits.csproj", "{EFB13862-8FD3-477E-BCFA-56B3B5617678}"
EndProject
Project("{FAE04EC0-301F-11D3-BF4B-00C04F79EFBC}") = "10. CheckPrime", "10. CheckPrime\10. CheckPrime.csproj", "{95C14655-5D1E-40B2-9B78-4A0A6D4FB8B5}"
EndProject
Project("{FAE04EC0-301F-11D3-BF4B-00C04F79EFBC}") = "11. EnterEvenNumber", "11. EnterEvenNumber\11. EnterEvenNumber.csproj", "{C1D434A6-63EB-44FA-AFD6-A114222A4846}"
EndProject
Global
	GlobalSection(SolutionConfigurationPlatforms) = preSolution
		Debug|Any CPU = Debug|Any CPU
		Release|Any CPU = Release|Any CPU
	EndGlobalSection
	GlobalSection(ProjectConfigurationPlatforms) = postSolution
		{E4CA5A2F-0CB5-4501-9955-935B04FA44BA}.Debug|Any CPU.ActiveCfg = Debug|Any CPU
		{E4CA5A2F-0CB5-4501-9955-935B04FA44BA}.Debug|Any CPU.Build.0 = Debug|Any CPU
		{E4CA5A2F-0CB5-4501-9955-935B04FA44BA}.Release|Any CPU.ActiveCfg = Release|Any CPU
		{E4CA5A2F-0CB5-4501-9955-935B04FA44BA}.Release|Any CPU.Build.0 = Release|Any CPU
		{DD9D69B8-5243-4823-BC1E-AF7FC88D1C98}.Debug|Any CPU.ActiveCfg = Debug|Any CPU
		{DD9D69B8-5243-4823-BC1E-AF7FC88D1C98}.Debug|Any CPU.Build.0 = Debug|Any CPU
		{DD9D69B8-5243-4823-BC1E-AF7FC88D1C98}.Release|Any CPU.ActiveCfg = Release|Any CPU
		{DD9D69B8-5243-4823-BC1E-AF7FC88D1C98}.Release|Any CPU.Build.0 = Release|Any CPU
		{C1A05FBF-9BB8-40B8-84CE-93B977D3D0CE}.Debug|Any CPU.ActiveCfg = Debug|Any CPU
		{C1A05FBF-9BB8-40B8-84CE-93B977D3D0CE}.Debug|Any CPU.Build.0 = Debug|Any CPU
		{C1A05FBF-9BB8-40B8-84CE-93B977D3D0CE}.Release|Any CPU.ActiveCfg = Release|Any CPU
		{C1A05FBF-9BB8-40B8-84CE-93B977D3D0CE}.Release|Any CPU.Build.0 = Release|Any CPU
		{BF492DF5-881D-42D2-BDB4-D326DCB6EA68}.Debug|Any CPU.ActiveCfg = Debug|Any CPU
		{BF492DF5-881D-42D2-BDB4-D326DCB6EA68}.Debug|Any CPU.Build.0 = Debug|Any CPU
		{BF492DF5-881D-42D2-BDB4-D326DCB6EA68}.Release|Any CPU.ActiveCfg = Release|Any CPU
		{BF492DF5-881D-42D2-BDB4-D326DCB6EA68}.Release|Any CPU.Build.0 = Release|Any CPU
		{DD7A0FF6-B9DD-4332-A77B-4F90CC6119ED}.Debug|Any CPU.ActiveCfg = Debug|Any CPU
		{DD7A0FF6-B9DD-4332-A77B-4F90CC6119ED}.Debug|Any CPU.Build.0 = Debug|Any CPU
		{DD7A0FF6-B9DD-4332-A77B-4F90CC6119ED}.Release|Any CPU.ActiveCfg = Release|Any CPU
		{DD7A0FF6-B9DD-4332-A77B-4F90CC6119ED}.Release|Any CPU.Build.0 = Release|Any CPU
		{44D3DF6B-A703-44E5-86F3-D369FB7BD746}.Debug|Any CPU.ActiveCfg = Debug|Any CPU
		{44D3DF6B-A703-44E5-86F3-D369FB7BD746}.Debug|Any CPU.Build.0 = Debug|Any CPU
		{44D3DF6B-A703-44E5-86F3-D369FB7BD746}.Release|Any CPU.ActiveCfg = Release|Any CPU
		{44D3DF6B-A703-44E5-86F3-D369FB7BD746}.Release|Any CPU.Build.0 = Release|Any CPU
		{183E29B3-5AAC-4A3B-BF42-E75E12F75411}.Debug|Any CPU.ActiveCfg = Debug|Any CPU
		{183E29B3-5AAC-4A3B-BF42-E75E12F75411}.Debug|Any CPU.Build.0 = Debug|Any CPU
		{183E29B3-5AAC-4A3B-BF42-E75E12F75411}.Release|Any CPU.ActiveCfg = Release|Any CPU
		{183E29B3-5AAC-4A3B-BF42-E75E12F75411}.Release|Any CPU.Build.0 = Release|Any CPU
		{8CDB917E-90A4-4E04-B91D-CEF2E9E9779D}.Debug|Any CPU.ActiveCfg = Debug|Any CPU
		{8CDB917E-90A4-4E04-B91D-CEF2E9E9779D}.Debug|Any CPU.Build.0 = Debug|Any CPU
		{8CDB917E-90A4-4E04-B91D-CEF2E9E9779D}.Release|Any CPU.ActiveCfg = Release|Any CPU
		{8CDB917E-90A4-4E04-B91D-CEF2E9E9779D}.Release|Any CPU.Build.0 = Release|Any CPU
		{EFB13862-8FD3-477E-BCFA-56B3B5617678}.Debug|Any CPU.ActiveCfg = Debug|Any CPU
		{EFB13862-8FD3-477E-BCFA-56B3B5617678}.Debug|Any CPU.Build.0 = Debug|Any CPU
		{EFB13862-8FD3-477E-BCFA-56B3B5617678}.Release|Any CPU.ActiveCfg = Release|Any CPU
		{EFB13862-8FD3-477E-BCFA-56B3B5617678}.Release|Any CPU.Build.0 = Release|Any CPU
		{95C14655-5D1E-40B2-9B78-4A0A6D4FB8B5}.Debug|Any CPU.ActiveCfg = Debug|Any CPU
		{95C14655-5D1E-40B2-9B78-4A0A6D4FB8B5}.Debug|Any CPU.Build.0 = Debug|Any CPU
		{95C14655-5D1E-40B2-9B78-4A0A6D4FB8B5}.Release|Any CPU.ActiveCfg = Release|Any CPU
		{95C14655-5D1E-40B2-9B78-4A0A6D4FB8B5}.Release|Any CPU.Build.0 = Release|Any CPU
		{C1D434A6-63EB-44FA-AFD6-A114222A4846}.Debug|Any CPU.ActiveCfg = Debug|Any CPU
		{C1D434A6-63EB-44FA-AFD6-A114222A4846}.Debug|Any CPU.Build.0 = Debug|Any CPU
		{C1D434A6-63EB-44FA-AFD6-A114222A4846}.Release|Any CPU.ActiveCfg = Release|Any CPU
		{C1D434A6-63EB-44FA-AFD6-A114222A4846}.Release|Any CPU.Build.0 = Release|Any CPU
	EndGlobalSection
	GlobalSection(SolutionProperties) = preSolution
		HideSolutionNode = FALSE
	EndGlobalSection
	GlobalSection(ExtensibilityGlobals) = postSolution
		SolutionGuid = {68D09D3D-41DE-4131-A1C2-E92172969CFE}
	EndGlobalSection
EndGlobal
