
Microsoft Visual Studio Solution File, Format Version 12.00
# Visual Studio 15
VisualStudioVersion = 15.0.26730.12
MinimumVisualStudioVersion = 10.0.40219.1
Project("{FAE04EC0-301F-11D3-BF4B-00C04F79EFBC}") = "01. Numbers1NWithStep3", "01. Numbers1NWithStep3\01. Numbers1NWithStep3.csproj", "{E4CA5A2F-0CB5-4501-9955-935B04FA44BA}"
EndProject
Project("{FAE04EC0-301F-11D3-BF4B-00C04F79EFBC}") = "02. NumbersN1", "02. NumbersN1\02. NumbersN1.csproj", "{DD9D69B8-5243-4823-BC1E-AF7FC88D1C98}"
EndProject
Project("{FAE04EC0-301F-11D3-BF4B-00C04F79EFBC}") = "03. PowersOfTwo", "03. PowersOfTwo\03. PowersOfTwo.csproj", "{C1A05FBF-9BB8-40B8-84CE-93B977D3D0CE}"
EndProject
Global
	GlobalSection(SolutionConfigurationPlatforms) = preSolution
		Debug|Any CPU = Debug|Any CPU
		Release|Any CPU = Release|Any CPU
	EndGlobalSection
	GlobalSection(ProjectConfigurationPlatforms) = postSolution
		{E4CA5A2F-0CB5-4501-9955-935B04FA44BA}.Debug|Any CPU.ActiveCfg = Debug|Any CPU
		{E4CA5A2F-0CB5-4501-9955-935B04FA44BA}.Debug|Any CPU.Build.0 = Debug|Any CPU
		{E4CA5A2F-0CB5-4501-9955-935B04FA44BA}.Release|Any CPU.ActiveCfg = Release|Any CPU
		{E4CA5A2F-0CB5-4501-9955-935B04FA44BA}.Release|Any CPU.Build.0 = Release|Any CPU
		{DD9D69B8-5243-4823-BC1E-AF7FC88D1C98}.Debug|Any CPU.ActiveCfg = Debug|Any CPU
		{DD9D69B8-5243-4823-BC1E-AF7FC88D1C98}.Debug|Any CPU.Build.0 = Debug|Any CPU
		{DD9D69B8-5243-4823-BC1E-AF7FC88D1C98}.Release|Any CPU.ActiveCfg = Release|Any CPU
		{DD9D69B8-5243-4823-BC1E-AF7FC88D1C98}.Release|Any CPU.Build.0 = Release|Any CPU
		{C1A05FBF-9BB8-40B8-84CE-93B977D3D0CE}.Debug|Any CPU.ActiveCfg = Debug|Any CPU
		{C1A05FBF-9BB8-40B8-84CE-93B977D3D0CE}.Debug|Any CPU.Build.0 = Debug|Any CPU
		{C1A05FBF-9BB8-40B8-84CE-93B977D3D0CE}.Release|Any CPU.ActiveCfg = Release|Any CPU
		{C1A05FBF-9BB8-40B8-84CE-93B977D3D0CE}.Release|Any CPU.Build.0 = Release|Any CPU
	EndGlobalSection
	GlobalSection(SolutionProperties) = preSolution
		HideSolutionNode = FALSE
	EndGlobalSection
	GlobalSection(ExtensibilityGlobals) = postSolution
		SolutionGuid = {68D09D3D-41DE-4131-A1C2-E92172969CFE}
	EndGlobalSection
EndGlobal
