
Microsoft Visual Studio Solution File, Format Version 12.00
# Visual Studio 15
VisualStudioVersion = 15.0.26730.12
MinimumVisualStudioVersion = 10.0.40219.1
Project("{FAE04EC0-301F-11D3-BF4B-00C04F79EFBC}") = "01. Square Area", "01. Square Area\01. Square Area.csproj", "{3E5EB865-4B70-4F53-9CF8-405DF0BB4400}"
EndProject
Project("{FAE04EC0-301F-11D3-BF4B-00C04F79EFBC}") = "02. Inches to Centimeters", "02. Inches to Centimeters\02. Inches to Centimeters.csproj", "{4DF98C53-72EA-4AC7-B10B-01812DA8E034}"
EndProject
Project("{FAE04EC0-301F-11D3-BF4B-00C04F79EFBC}") = "03. Greeting by Name", "03. Greeting by Name\03. Greeting by Name.csproj", "{FDFA1988-C2F2-4F23-B8C7-56B2CBDEB7F7}"
EndProject
Global
	GlobalSection(SolutionConfigurationPlatforms) = preSolution
		Debug|Any CPU = Debug|Any CPU
		Release|Any CPU = Release|Any CPU
	EndGlobalSection
	GlobalSection(ProjectConfigurationPlatforms) = postSolution
		{3E5EB865-4B70-4F53-9CF8-405DF0BB4400}.Debug|Any CPU.ActiveCfg = Debug|Any CPU
		{3E5EB865-4B70-4F53-9CF8-405DF0BB4400}.Debug|Any CPU.Build.0 = Debug|Any CPU
		{3E5EB865-4B70-4F53-9CF8-405DF0BB4400}.Release|Any CPU.ActiveCfg = Release|Any CPU
		{3E5EB865-4B70-4F53-9CF8-405DF0BB4400}.Release|Any CPU.Build.0 = Release|Any CPU
		{4DF98C53-72EA-4AC7-B10B-01812DA8E034}.Debug|Any CPU.ActiveCfg = Debug|Any CPU
		{4DF98C53-72EA-4AC7-B10B-01812DA8E034}.Debug|Any CPU.Build.0 = Debug|Any CPU
		{4DF98C53-72EA-4AC7-B10B-01812DA8E034}.Release|Any CPU.ActiveCfg = Release|Any CPU
		{4DF98C53-72EA-4AC7-B10B-01812DA8E034}.Release|Any CPU.Build.0 = Release|Any CPU
		{FDFA1988-C2F2-4F23-B8C7-56B2CBDEB7F7}.Debug|Any CPU.ActiveCfg = Debug|Any CPU
		{FDFA1988-C2F2-4F23-B8C7-56B2CBDEB7F7}.Debug|Any CPU.Build.0 = Debug|Any CPU
		{FDFA1988-C2F2-4F23-B8C7-56B2CBDEB7F7}.Release|Any CPU.ActiveCfg = Release|Any CPU
		{FDFA1988-C2F2-4F23-B8C7-56B2CBDEB7F7}.Release|Any CPU.Build.0 = Release|Any CPU
	EndGlobalSection
	GlobalSection(SolutionProperties) = preSolution
		HideSolutionNode = FALSE
	EndGlobalSection
	GlobalSection(ExtensibilityGlobals) = postSolution
		SolutionGuid = {5B1BAD10-D1DD-40D9-935C-85D654E182B1}
	EndGlobalSection
EndGlobal
