
Microsoft Visual Studio Solution File, Format Version 12.00
# Visual Studio 15
VisualStudioVersion = 15.0.26730.12
MinimumVisualStudioVersion = 10.0.40219.1
Project("{FAE04EC0-301F-11D3-BF4B-00C04F79EFBC}") = "01. Square Area", "01. Square Area\01. Square Area.csproj", "{3E5EB865-4B70-4F53-9CF8-405DF0BB4400}"
EndProject
Project("{FAE04EC0-301F-11D3-BF4B-00C04F79EFBC}") = "02. Inches to Centimeters", "02. Inches to Centimeters\02. Inches to Centimeters.csproj", "{4DF98C53-72EA-4AC7-B10B-01812DA8E034}"
EndProject
Project("{FAE04EC0-301F-11D3-BF4B-00C04F79EFBC}") = "03. Greeting by Name", "03. Greeting by Name\03. Greeting by Name.csproj", "{FDFA1988-C2F2-4F23-B8C7-56B2CBDEB7F7}"
EndProject
Project("{FAE04EC0-301F-11D3-BF4B-00C04F79EFBC}") = "04. Concatenate Data", "04. Concatenate Data\04. Concatenate Data.csproj", "{5FE95F52-D037-41F1-AA62-D091B9BE12A5}"
EndProject
Project("{FAE04EC0-301F-11D3-BF4B-00C04F79EFBC}") = "05. Trapeziod Area", "05. Trapeziod Area\05. Trapeziod Area.csproj", "{D34F734C-132B-468B-AF6C-6200232B795C}"
EndProject
Project("{FAE04EC0-301F-11D3-BF4B-00C04F79EFBC}") = "06. Circle Area and Perimeter", "06. Circle Area and Perimeter\06. Circle Area and Perimeter.csproj", "{5AC1F6AB-E03D-4260-9ADC-3E97D8420B88}"
EndProject
Project("{FAE04EC0-301F-11D3-BF4B-00C04F79EFBC}") = "07. 2D Rectangle Area", "07. 2D Rectangle Area\07. 2D Rectangle Area.csproj", "{BE177C8C-0BA8-4A78-A514-A53732660C0F}"
EndProject
Project("{FAE04EC0-301F-11D3-BF4B-00C04F79EFBC}") = "08. Triangle Area", "08. Triangle Area\08. Triangle Area.csproj", "{B55EAE36-11A4-4791-90A9-6323DAE96614}"
EndProject
Project("{FAE04EC0-301F-11D3-BF4B-00C04F79EFBC}") = "09. Celsius to Fahrenheit", "09. Celsius to Fahrenheit\09. Celsius to Fahrenheit.csproj", "{9A620FD3-3B96-4BEE-ABAA-8EBE1D0D7518}"
EndProject
Project("{FAE04EC0-301F-11D3-BF4B-00C04F79EFBC}") = "10. Radians to Degrees", "10. Radians to Degrees\10. Radians to Degrees.csproj", "{650C978E-4AC7-45B5-9CFB-4BAA7075E26A}"
EndProject
Project("{FAE04EC0-301F-11D3-BF4B-00C04F79EFBC}") = "11. USD to BGN", "11. USD to BGN\11. USD to BGN.csproj", "{B6664ABD-D7FC-4E4D-94FE-7B91423C066F}"
EndProject
Project("{FAE04EC0-301F-11D3-BF4B-00C04F79EFBC}") = "12. Currency Converter", "12. Currency Converter\12. Currency Converter.csproj", "{1269A8FB-8005-4F55-9D52-AD3CEAE4AFFB}"
EndProject
Global
	GlobalSection(SolutionConfigurationPlatforms) = preSolution
		Debug|Any CPU = Debug|Any CPU
		Release|Any CPU = Release|Any CPU
	EndGlobalSection
	GlobalSection(ProjectConfigurationPlatforms) = postSolution
		{3E5EB865-4B70-4F53-9CF8-405DF0BB4400}.Debug|Any CPU.ActiveCfg = Debug|Any CPU
		{3E5EB865-4B70-4F53-9CF8-405DF0BB4400}.Debug|Any CPU.Build.0 = Debug|Any CPU
		{3E5EB865-4B70-4F53-9CF8-405DF0BB4400}.Release|Any CPU.ActiveCfg = Release|Any CPU
		{3E5EB865-4B70-4F53-9CF8-405DF0BB4400}.Release|Any CPU.Build.0 = Release|Any CPU
		{4DF98C53-72EA-4AC7-B10B-01812DA8E034}.Debug|Any CPU.ActiveCfg = Debug|Any CPU
		{4DF98C53-72EA-4AC7-B10B-01812DA8E034}.Debug|Any CPU.Build.0 = Debug|Any CPU
		{4DF98C53-72EA-4AC7-B10B-01812DA8E034}.Release|Any CPU.ActiveCfg = Release|Any CPU
		{4DF98C53-72EA-4AC7-B10B-01812DA8E034}.Release|Any CPU.Build.0 = Release|Any CPU
		{FDFA1988-C2F2-4F23-B8C7-56B2CBDEB7F7}.Debug|Any CPU.ActiveCfg = Debug|Any CPU
		{FDFA1988-C2F2-4F23-B8C7-56B2CBDEB7F7}.Debug|Any CPU.Build.0 = Debug|Any CPU
		{FDFA1988-C2F2-4F23-B8C7-56B2CBDEB7F7}.Release|Any CPU.ActiveCfg = Release|Any CPU
		{FDFA1988-C2F2-4F23-B8C7-56B2CBDEB7F7}.Release|Any CPU.Build.0 = Release|Any CPU
		{5FE95F52-D037-41F1-AA62-D091B9BE12A5}.Debug|Any CPU.ActiveCfg = Debug|Any CPU
		{5FE95F52-D037-41F1-AA62-D091B9BE12A5}.Debug|Any CPU.Build.0 = Debug|Any CPU
		{5FE95F52-D037-41F1-AA62-D091B9BE12A5}.Release|Any CPU.ActiveCfg = Release|Any CPU
		{5FE95F52-D037-41F1-AA62-D091B9BE12A5}.Release|Any CPU.Build.0 = Release|Any CPU
		{D34F734C-132B-468B-AF6C-6200232B795C}.Debug|Any CPU.ActiveCfg = Debug|Any CPU
		{D34F734C-132B-468B-AF6C-6200232B795C}.Debug|Any CPU.Build.0 = Debug|Any CPU
		{D34F734C-132B-468B-AF6C-6200232B795C}.Release|Any CPU.ActiveCfg = Release|Any CPU
		{D34F734C-132B-468B-AF6C-6200232B795C}.Release|Any CPU.Build.0 = Release|Any CPU
		{5AC1F6AB-E03D-4260-9ADC-3E97D8420B88}.Debug|Any CPU.ActiveCfg = Debug|Any CPU
		{5AC1F6AB-E03D-4260-9ADC-3E97D8420B88}.Debug|Any CPU.Build.0 = Debug|Any CPU
		{5AC1F6AB-E03D-4260-9ADC-3E97D8420B88}.Release|Any CPU.ActiveCfg = Release|Any CPU
		{5AC1F6AB-E03D-4260-9ADC-3E97D8420B88}.Release|Any CPU.Build.0 = Release|Any CPU
		{BE177C8C-0BA8-4A78-A514-A53732660C0F}.Debug|Any CPU.ActiveCfg = Debug|Any CPU
		{BE177C8C-0BA8-4A78-A514-A53732660C0F}.Debug|Any CPU.Build.0 = Debug|Any CPU
		{BE177C8C-0BA8-4A78-A514-A53732660C0F}.Release|Any CPU.ActiveCfg = Release|Any CPU
		{BE177C8C-0BA8-4A78-A514-A53732660C0F}.Release|Any CPU.Build.0 = Release|Any CPU
		{B55EAE36-11A4-4791-90A9-6323DAE96614}.Debug|Any CPU.ActiveCfg = Debug|Any CPU
		{B55EAE36-11A4-4791-90A9-6323DAE96614}.Debug|Any CPU.Build.0 = Debug|Any CPU
		{B55EAE36-11A4-4791-90A9-6323DAE96614}.Release|Any CPU.ActiveCfg = Release|Any CPU
		{B55EAE36-11A4-4791-90A9-6323DAE96614}.Release|Any CPU.Build.0 = Release|Any CPU
		{9A620FD3-3B96-4BEE-ABAA-8EBE1D0D7518}.Debug|Any CPU.ActiveCfg = Debug|Any CPU
		{9A620FD3-3B96-4BEE-ABAA-8EBE1D0D7518}.Debug|Any CPU.Build.0 = Debug|Any CPU
		{9A620FD3-3B96-4BEE-ABAA-8EBE1D0D7518}.Release|Any CPU.ActiveCfg = Release|Any CPU
		{9A620FD3-3B96-4BEE-ABAA-8EBE1D0D7518}.Release|Any CPU.Build.0 = Release|Any CPU
		{650C978E-4AC7-45B5-9CFB-4BAA7075E26A}.Debug|Any CPU.ActiveCfg = Debug|Any CPU
		{650C978E-4AC7-45B5-9CFB-4BAA7075E26A}.Debug|Any CPU.Build.0 = Debug|Any CPU
		{650C978E-4AC7-45B5-9CFB-4BAA7075E26A}.Release|Any CPU.ActiveCfg = Release|Any CPU
		{650C978E-4AC7-45B5-9CFB-4BAA7075E26A}.Release|Any CPU.Build.0 = Release|Any CPU
		{B6664ABD-D7FC-4E4D-94FE-7B91423C066F}.Debug|Any CPU.ActiveCfg = Debug|Any CPU
		{B6664ABD-D7FC-4E4D-94FE-7B91423C066F}.Debug|Any CPU.Build.0 = Debug|Any CPU
		{B6664ABD-D7FC-4E4D-94FE-7B91423C066F}.Release|Any CPU.ActiveCfg = Release|Any CPU
		{B6664ABD-D7FC-4E4D-94FE-7B91423C066F}.Release|Any CPU.Build.0 = Release|Any CPU
		{1269A8FB-8005-4F55-9D52-AD3CEAE4AFFB}.Debug|Any CPU.ActiveCfg = Debug|Any CPU
		{1269A8FB-8005-4F55-9D52-AD3CEAE4AFFB}.Debug|Any CPU.Build.0 = Debug|Any CPU
		{1269A8FB-8005-4F55-9D52-AD3CEAE4AFFB}.Release|Any CPU.ActiveCfg = Release|Any CPU
		{1269A8FB-8005-4F55-9D52-AD3CEAE4AFFB}.Release|Any CPU.Build.0 = Release|Any CPU
	EndGlobalSection
	GlobalSection(SolutionProperties) = preSolution
		HideSolutionNode = FALSE
	EndGlobalSection
	GlobalSection(ExtensibilityGlobals) = postSolution
		SolutionGuid = {5B1BAD10-D1DD-40D9-935C-85D654E182B1}
	EndGlobalSection
EndGlobal
