
Microsoft Visual Studio Solution File, Format Version 12.00
# Visual Studio 15
VisualStudioVersion = 15.0.26730.12
MinimumVisualStudioVersion = 10.0.40219.1
Project("{FAE04EC0-301F-11D3-BF4B-00C04F79EFBC}") = "01. RectangleOf10x10Stars", "01. RectangleOf10x10Stars\01. RectangleOf10x10Stars.csproj", "{7C4216A3-C690-42D3-B3A3-47ACD2EF4DDD}"
EndProject
Project("{FAE04EC0-301F-11D3-BF4B-00C04F79EFBC}") = "02. RectangleOfNxNStars", "02. RectangleOfNxNStars\02. RectangleOfNxNStars.csproj", "{CAF658F2-E6B1-469C-9CC8-2DA7EB45133D}"
EndProject
Project("{FAE04EC0-301F-11D3-BF4B-00C04F79EFBC}") = "03. SquareOfStars", "03. SquareOfStars\03. SquareOfStars.csproj", "{B7F3E120-4CF7-4834-81BE-B089EC94B7A6}"
EndProject
Project("{FAE04EC0-301F-11D3-BF4B-00C04F79EFBC}") = "04. TriangleOfDollars", "04. TriangleOfDollars\04. TriangleOfDollars.csproj", "{C4C569DB-B77A-4509-AFA4-C4C0CAE0B877}"
EndProject
Project("{FAE04EC0-301F-11D3-BF4B-00C04F79EFBC}") = "05. SquareFrame", "05. SquareFrame\05. SquareFrame.csproj", "{A08F6C97-93ED-49E5-B08C-1735D02C5143}"
EndProject
Global
	GlobalSection(SolutionConfigurationPlatforms) = preSolution
		Debug|Any CPU = Debug|Any CPU
		Release|Any CPU = Release|Any CPU
	EndGlobalSection
	GlobalSection(ProjectConfigurationPlatforms) = postSolution
		{7C4216A3-C690-42D3-B3A3-47ACD2EF4DDD}.Debug|Any CPU.ActiveCfg = Debug|Any CPU
		{7C4216A3-C690-42D3-B3A3-47ACD2EF4DDD}.Debug|Any CPU.Build.0 = Debug|Any CPU
		{7C4216A3-C690-42D3-B3A3-47ACD2EF4DDD}.Release|Any CPU.ActiveCfg = Release|Any CPU
		{7C4216A3-C690-42D3-B3A3-47ACD2EF4DDD}.Release|Any CPU.Build.0 = Release|Any CPU
		{CAF658F2-E6B1-469C-9CC8-2DA7EB45133D}.Debug|Any CPU.ActiveCfg = Debug|Any CPU
		{CAF658F2-E6B1-469C-9CC8-2DA7EB45133D}.Debug|Any CPU.Build.0 = Debug|Any CPU
		{CAF658F2-E6B1-469C-9CC8-2DA7EB45133D}.Release|Any CPU.ActiveCfg = Release|Any CPU
		{CAF658F2-E6B1-469C-9CC8-2DA7EB45133D}.Release|Any CPU.Build.0 = Release|Any CPU
		{B7F3E120-4CF7-4834-81BE-B089EC94B7A6}.Debug|Any CPU.ActiveCfg = Debug|Any CPU
		{B7F3E120-4CF7-4834-81BE-B089EC94B7A6}.Debug|Any CPU.Build.0 = Debug|Any CPU
		{B7F3E120-4CF7-4834-81BE-B089EC94B7A6}.Release|Any CPU.ActiveCfg = Release|Any CPU
		{B7F3E120-4CF7-4834-81BE-B089EC94B7A6}.Release|Any CPU.Build.0 = Release|Any CPU
		{C4C569DB-B77A-4509-AFA4-C4C0CAE0B877}.Debug|Any CPU.ActiveCfg = Debug|Any CPU
		{C4C569DB-B77A-4509-AFA4-C4C0CAE0B877}.Debug|Any CPU.Build.0 = Debug|Any CPU
		{C4C569DB-B77A-4509-AFA4-C4C0CAE0B877}.Release|Any CPU.ActiveCfg = Release|Any CPU
		{C4C569DB-B77A-4509-AFA4-C4C0CAE0B877}.Release|Any CPU.Build.0 = Release|Any CPU
		{A08F6C97-93ED-49E5-B08C-1735D02C5143}.Debug|Any CPU.ActiveCfg = Debug|Any CPU
		{A08F6C97-93ED-49E5-B08C-1735D02C5143}.Debug|Any CPU.Build.0 = Debug|Any CPU
		{A08F6C97-93ED-49E5-B08C-1735D02C5143}.Release|Any CPU.ActiveCfg = Release|Any CPU
		{A08F6C97-93ED-49E5-B08C-1735D02C5143}.Release|Any CPU.Build.0 = Release|Any CPU
	EndGlobalSection
	GlobalSection(SolutionProperties) = preSolution
		HideSolutionNode = FALSE
	EndGlobalSection
	GlobalSection(ExtensibilityGlobals) = postSolution
		SolutionGuid = {46A82AA0-8DD5-4762-B7D5-E505FF7D7E0E}
	EndGlobalSection
EndGlobal
