
Microsoft Visual Studio Solution File, Format Version 12.00
# Visual Studio 15
VisualStudioVersion = 15.0.26730.12
MinimumVisualStudioVersion = 10.0.40219.1
Project("{FAE04EC0-301F-11D3-BF4B-00C04F79EFBC}") = "01. Numbers from 1 to 100", "01. Numbers from 1 to 100\01. Numbers from 1 to 100.csproj", "{D9C1D7AE-B236-453A-B1E8-FBFD42E86385}"
EndProject
Project("{FAE04EC0-301F-11D3-BF4B-00C04F79EFBC}") = "02. Numbers Ending in 7", "02. Numbers Ending in 7\02. Numbers Ending in 7.csproj", "{859BBF35-EC82-4ED3-AF17-3497782AFA55}"
EndProject
Project("{FAE04EC0-301F-11D3-BF4B-00C04F79EFBC}") = "03. Latin Letters", "03. Latin Letters\03. Latin Letters.csproj", "{A5078369-BF78-4878-8625-CB4DA9628A90}"
EndProject
Project("{FAE04EC0-301F-11D3-BF4B-00C04F79EFBC}") = "04. Sum Numbers", "04. Sum Numbers\04. Sum Numbers.csproj", "{C3C02DD4-7B3C-4216-BEB9-F71796EBC9F0}"
EndProject
Project("{FAE04EC0-301F-11D3-BF4B-00C04F79EFBC}") = "05. Max Number", "05. Max Number\05. Max Number.csproj", "{11F69C04-18CC-4DE7-B6E6-A3AEA79D1502}"
EndProject
Project("{FAE04EC0-301F-11D3-BF4B-00C04F79EFBC}") = "06. Min Number", "06. Min Number\06. Min Number.csproj", "{139BAD2D-F042-4539-A93B-372A85C74F70}"
EndProject
Project("{FAE04EC0-301F-11D3-BF4B-00C04F79EFBC}") = "07. Left and Right Sum", "07. Left and Right Sum\07. Left and Right Sum.csproj", "{87363FA2-51EA-41B3-AEB1-94352963AACE}"
EndProject
Project("{FAE04EC0-301F-11D3-BF4B-00C04F79EFBC}") = "08. Odd Even Sum", "08. Odd Even Sum\08. Odd Even Sum.csproj", "{FEB31601-16D2-4959-95DB-3551CFCB5EFC}"
EndProject
Project("{FAE04EC0-301F-11D3-BF4B-00C04F79EFBC}") = "09. Vowels Sum", "09. Vowels Sum\09. Vowels Sum.csproj", "{328BD749-FA95-4E3A-B827-73544DA6A419}"
EndProject
Project("{FAE04EC0-301F-11D3-BF4B-00C04F79EFBC}") = "10. Half Sum Element", "10. Half Sum Element\10. Half Sum Element.csproj", "{BC9B7B13-E4C6-4113-89BC-5676AF23FB6D}"
EndProject
Project("{FAE04EC0-301F-11D3-BF4B-00C04F79EFBC}") = "11. Odd Or Even Position", "11. Odd Or Even Position\11. Odd Or Even Position.csproj", "{B9B5440A-E470-49AD-B1F2-88055F927931}"
EndProject
Project("{FAE04EC0-301F-11D3-BF4B-00C04F79EFBC}") = "12. Equal Pairs", "12. Equal Pairs\12. Equal Pairs.csproj", "{AD0D201D-2293-4E6E-9DF9-6DA20BF757D7}"
EndProject
Global
	GlobalSection(SolutionConfigurationPlatforms) = preSolution
		Debug|Any CPU = Debug|Any CPU
		Release|Any CPU = Release|Any CPU
	EndGlobalSection
	GlobalSection(ProjectConfigurationPlatforms) = postSolution
		{D9C1D7AE-B236-453A-B1E8-FBFD42E86385}.Debug|Any CPU.ActiveCfg = Debug|Any CPU
		{D9C1D7AE-B236-453A-B1E8-FBFD42E86385}.Debug|Any CPU.Build.0 = Debug|Any CPU
		{D9C1D7AE-B236-453A-B1E8-FBFD42E86385}.Release|Any CPU.ActiveCfg = Release|Any CPU
		{D9C1D7AE-B236-453A-B1E8-FBFD42E86385}.Release|Any CPU.Build.0 = Release|Any CPU
		{859BBF35-EC82-4ED3-AF17-3497782AFA55}.Debug|Any CPU.ActiveCfg = Debug|Any CPU
		{859BBF35-EC82-4ED3-AF17-3497782AFA55}.Debug|Any CPU.Build.0 = Debug|Any CPU
		{859BBF35-EC82-4ED3-AF17-3497782AFA55}.Release|Any CPU.ActiveCfg = Release|Any CPU
		{859BBF35-EC82-4ED3-AF17-3497782AFA55}.Release|Any CPU.Build.0 = Release|Any CPU
		{A5078369-BF78-4878-8625-CB4DA9628A90}.Debug|Any CPU.ActiveCfg = Debug|Any CPU
		{A5078369-BF78-4878-8625-CB4DA9628A90}.Debug|Any CPU.Build.0 = Debug|Any CPU
		{A5078369-BF78-4878-8625-CB4DA9628A90}.Release|Any CPU.ActiveCfg = Release|Any CPU
		{A5078369-BF78-4878-8625-CB4DA9628A90}.Release|Any CPU.Build.0 = Release|Any CPU
		{C3C02DD4-7B3C-4216-BEB9-F71796EBC9F0}.Debug|Any CPU.ActiveCfg = Debug|Any CPU
		{C3C02DD4-7B3C-4216-BEB9-F71796EBC9F0}.Debug|Any CPU.Build.0 = Debug|Any CPU
		{C3C02DD4-7B3C-4216-BEB9-F71796EBC9F0}.Release|Any CPU.ActiveCfg = Release|Any CPU
		{C3C02DD4-7B3C-4216-BEB9-F71796EBC9F0}.Release|Any CPU.Build.0 = Release|Any CPU
		{11F69C04-18CC-4DE7-B6E6-A3AEA79D1502}.Debug|Any CPU.ActiveCfg = Debug|Any CPU
		{11F69C04-18CC-4DE7-B6E6-A3AEA79D1502}.Debug|Any CPU.Build.0 = Debug|Any CPU
		{11F69C04-18CC-4DE7-B6E6-A3AEA79D1502}.Release|Any CPU.ActiveCfg = Release|Any CPU
		{11F69C04-18CC-4DE7-B6E6-A3AEA79D1502}.Release|Any CPU.Build.0 = Release|Any CPU
		{139BAD2D-F042-4539-A93B-372A85C74F70}.Debug|Any CPU.ActiveCfg = Debug|Any CPU
		{139BAD2D-F042-4539-A93B-372A85C74F70}.Debug|Any CPU.Build.0 = Debug|Any CPU
		{139BAD2D-F042-4539-A93B-372A85C74F70}.Release|Any CPU.ActiveCfg = Release|Any CPU
		{139BAD2D-F042-4539-A93B-372A85C74F70}.Release|Any CPU.Build.0 = Release|Any CPU
		{87363FA2-51EA-41B3-AEB1-94352963AACE}.Debug|Any CPU.ActiveCfg = Debug|Any CPU
		{87363FA2-51EA-41B3-AEB1-94352963AACE}.Debug|Any CPU.Build.0 = Debug|Any CPU
		{87363FA2-51EA-41B3-AEB1-94352963AACE}.Release|Any CPU.ActiveCfg = Release|Any CPU
		{87363FA2-51EA-41B3-AEB1-94352963AACE}.Release|Any CPU.Build.0 = Release|Any CPU
		{FEB31601-16D2-4959-95DB-3551CFCB5EFC}.Debug|Any CPU.ActiveCfg = Debug|Any CPU
		{FEB31601-16D2-4959-95DB-3551CFCB5EFC}.Debug|Any CPU.Build.0 = Debug|Any CPU
		{FEB31601-16D2-4959-95DB-3551CFCB5EFC}.Release|Any CPU.ActiveCfg = Release|Any CPU
		{FEB31601-16D2-4959-95DB-3551CFCB5EFC}.Release|Any CPU.Build.0 = Release|Any CPU
		{328BD749-FA95-4E3A-B827-73544DA6A419}.Debug|Any CPU.ActiveCfg = Debug|Any CPU
		{328BD749-FA95-4E3A-B827-73544DA6A419}.Debug|Any CPU.Build.0 = Debug|Any CPU
		{328BD749-FA95-4E3A-B827-73544DA6A419}.Release|Any CPU.ActiveCfg = Release|Any CPU
		{328BD749-FA95-4E3A-B827-73544DA6A419}.Release|Any CPU.Build.0 = Release|Any CPU
		{BC9B7B13-E4C6-4113-89BC-5676AF23FB6D}.Debug|Any CPU.ActiveCfg = Debug|Any CPU
		{BC9B7B13-E4C6-4113-89BC-5676AF23FB6D}.Debug|Any CPU.Build.0 = Debug|Any CPU
		{BC9B7B13-E4C6-4113-89BC-5676AF23FB6D}.Release|Any CPU.ActiveCfg = Release|Any CPU
		{BC9B7B13-E4C6-4113-89BC-5676AF23FB6D}.Release|Any CPU.Build.0 = Release|Any CPU
		{B9B5440A-E470-49AD-B1F2-88055F927931}.Debug|Any CPU.ActiveCfg = Debug|Any CPU
		{B9B5440A-E470-49AD-B1F2-88055F927931}.Debug|Any CPU.Build.0 = Debug|Any CPU
		{B9B5440A-E470-49AD-B1F2-88055F927931}.Release|Any CPU.ActiveCfg = Release|Any CPU
		{B9B5440A-E470-49AD-B1F2-88055F927931}.Release|Any CPU.Build.0 = Release|Any CPU
		{AD0D201D-2293-4E6E-9DF9-6DA20BF757D7}.Debug|Any CPU.ActiveCfg = Debug|Any CPU
		{AD0D201D-2293-4E6E-9DF9-6DA20BF757D7}.Debug|Any CPU.Build.0 = Debug|Any CPU
		{AD0D201D-2293-4E6E-9DF9-6DA20BF757D7}.Release|Any CPU.ActiveCfg = Release|Any CPU
		{AD0D201D-2293-4E6E-9DF9-6DA20BF757D7}.Release|Any CPU.Build.0 = Release|Any CPU
	EndGlobalSection
	GlobalSection(SolutionProperties) = preSolution
		HideSolutionNode = FALSE
	EndGlobalSection
	GlobalSection(ExtensibilityGlobals) = postSolution
		SolutionGuid = {B9BE537A-8A89-4A2E-B4F8-35DB15AD7640}
	EndGlobalSection
EndGlobal
