
Microsoft Visual Studio Solution File, Format Version 12.00
# Visual Studio 15
VisualStudioVersion = 15.0.26730.12
MinimumVisualStudioVersion = 10.0.40219.1
Project("{FAE04EC0-301F-11D3-BF4B-00C04F79EFBC}") = "01. Numbers from 1 to 100", "01. Numbers from 1 to 100\01. Numbers from 1 to 100.csproj", "{D9C1D7AE-B236-453A-B1E8-FBFD42E86385}"
EndProject
Global
	GlobalSection(SolutionConfigurationPlatforms) = preSolution
		Debug|Any CPU = Debug|Any CPU
		Release|Any CPU = Release|Any CPU
	EndGlobalSection
	GlobalSection(ProjectConfigurationPlatforms) = postSolution
		{D9C1D7AE-B236-453A-B1E8-FBFD42E86385}.Debug|Any CPU.ActiveCfg = Debug|Any CPU
		{D9C1D7AE-B236-453A-B1E8-FBFD42E86385}.Debug|Any CPU.Build.0 = Debug|Any CPU
		{D9C1D7AE-B236-453A-B1E8-FBFD42E86385}.Release|Any CPU.ActiveCfg = Release|Any CPU
		{D9C1D7AE-B236-453A-B1E8-FBFD42E86385}.Release|Any CPU.Build.0 = Release|Any CPU
	EndGlobalSection
	GlobalSection(SolutionProperties) = preSolution
		HideSolutionNode = FALSE
	EndGlobalSection
	GlobalSection(ExtensibilityGlobals) = postSolution
		SolutionGuid = {B9BE537A-8A89-4A2E-B4F8-35DB15AD7640}
	EndGlobalSection
EndGlobal
