
Microsoft Visual Studio Solution File, Format Version 12.00
# Visual Studio 15
VisualStudioVersion = 15.0.26730.12
MinimumVisualStudioVersion = 10.0.40219.1
Project("{FAE04EC0-301F-11D3-BF4B-00C04F79EFBC}") = "01. Numbers from 1 to 100", "01. Numbers from 1 to 100\01. Numbers from 1 to 100.csproj", "{D9C1D7AE-B236-453A-B1E8-FBFD42E86385}"
EndProject
Project("{FAE04EC0-301F-11D3-BF4B-00C04F79EFBC}") = "02. Numbers Ending in 7", "02. Numbers Ending in 7\02. Numbers Ending in 7.csproj", "{859BBF35-EC82-4ED3-AF17-3497782AFA55}"
EndProject
Project("{FAE04EC0-301F-11D3-BF4B-00C04F79EFBC}") = "03. Latin Letters", "03. Latin Letters\03. Latin Letters.csproj", "{A5078369-BF78-4878-8625-CB4DA9628A90}"
EndProject
Project("{FAE04EC0-301F-11D3-BF4B-00C04F79EFBC}") = "04. Sum Numbers", "04. Sum Numbers\04. Sum Numbers.csproj", "{C3C02DD4-7B3C-4216-BEB9-F71796EBC9F0}"
EndProject
Project("{FAE04EC0-301F-11D3-BF4B-00C04F79EFBC}") = "05. Max Number", "05. Max Number\05. Max Number.csproj", "{11F69C04-18CC-4DE7-B6E6-A3AEA79D1502}"
EndProject
Global
	GlobalSection(SolutionConfigurationPlatforms) = preSolution
		Debug|Any CPU = Debug|Any CPU
		Release|Any CPU = Release|Any CPU
	EndGlobalSection
	GlobalSection(ProjectConfigurationPlatforms) = postSolution
		{D9C1D7AE-B236-453A-B1E8-FBFD42E86385}.Debug|Any CPU.ActiveCfg = Debug|Any CPU
		{D9C1D7AE-B236-453A-B1E8-FBFD42E86385}.Debug|Any CPU.Build.0 = Debug|Any CPU
		{D9C1D7AE-B236-453A-B1E8-FBFD42E86385}.Release|Any CPU.ActiveCfg = Release|Any CPU
		{D9C1D7AE-B236-453A-B1E8-FBFD42E86385}.Release|Any CPU.Build.0 = Release|Any CPU
		{859BBF35-EC82-4ED3-AF17-3497782AFA55}.Debug|Any CPU.ActiveCfg = Debug|Any CPU
		{859BBF35-EC82-4ED3-AF17-3497782AFA55}.Debug|Any CPU.Build.0 = Debug|Any CPU
		{859BBF35-EC82-4ED3-AF17-3497782AFA55}.Release|Any CPU.ActiveCfg = Release|Any CPU
		{859BBF35-EC82-4ED3-AF17-3497782AFA55}.Release|Any CPU.Build.0 = Release|Any CPU
		{A5078369-BF78-4878-8625-CB4DA9628A90}.Debug|Any CPU.ActiveCfg = Debug|Any CPU
		{A5078369-BF78-4878-8625-CB4DA9628A90}.Debug|Any CPU.Build.0 = Debug|Any CPU
		{A5078369-BF78-4878-8625-CB4DA9628A90}.Release|Any CPU.ActiveCfg = Release|Any CPU
		{A5078369-BF78-4878-8625-CB4DA9628A90}.Release|Any CPU.Build.0 = Release|Any CPU
		{C3C02DD4-7B3C-4216-BEB9-F71796EBC9F0}.Debug|Any CPU.ActiveCfg = Debug|Any CPU
		{C3C02DD4-7B3C-4216-BEB9-F71796EBC9F0}.Debug|Any CPU.Build.0 = Debug|Any CPU
		{C3C02DD4-7B3C-4216-BEB9-F71796EBC9F0}.Release|Any CPU.ActiveCfg = Release|Any CPU
		{C3C02DD4-7B3C-4216-BEB9-F71796EBC9F0}.Release|Any CPU.Build.0 = Release|Any CPU
		{11F69C04-18CC-4DE7-B6E6-A3AEA79D1502}.Debug|Any CPU.ActiveCfg = Debug|Any CPU
		{11F69C04-18CC-4DE7-B6E6-A3AEA79D1502}.Debug|Any CPU.Build.0 = Debug|Any CPU
		{11F69C04-18CC-4DE7-B6E6-A3AEA79D1502}.Release|Any CPU.ActiveCfg = Release|Any CPU
		{11F69C04-18CC-4DE7-B6E6-A3AEA79D1502}.Release|Any CPU.Build.0 = Release|Any CPU
	EndGlobalSection
	GlobalSection(SolutionProperties) = preSolution
		HideSolutionNode = FALSE
	EndGlobalSection
	GlobalSection(ExtensibilityGlobals) = postSolution
		SolutionGuid = {B9BE537A-8A89-4A2E-B4F8-35DB15AD7640}
	EndGlobalSection
EndGlobal
