
Microsoft Visual Studio Solution File, Format Version 12.00
# Visual Studio 15
VisualStudioVersion = 15.0.26730.12
MinimumVisualStudioVersion = 10.0.40219.1
Project("{FAE04EC0-301F-11D3-BF4B-00C04F79EFBC}") = "01. Excellent Result", "01. Excellent Result\01. Excellent Result.csproj", "{A1F234CC-DAE9-44BF-8B3F-AF7D069F8FEF}"
EndProject
Project("{FAE04EC0-301F-11D3-BF4B-00C04F79EFBC}") = "02. Excellent or Not", "02. Excellent or Not\02. Excellent or Not.csproj", "{8C9F9617-60C9-471D-B493-73BEADDF33E8}"
EndProject
Project("{FAE04EC0-301F-11D3-BF4B-00C04F79EFBC}") = "03. Even or Odd", "03. Even or Odd\03. Even or Odd.csproj", "{F4774A6C-6D25-431B-992C-7F9FD09C8B01}"
EndProject
Project("{FAE04EC0-301F-11D3-BF4B-00C04F79EFBC}") = "04. Greater Number", "04. Greater Number\04. Greater Number.csproj", "{0F9D2462-436F-4FEE-811D-43C8082CB838}"
EndProject
Project("{FAE04EC0-301F-11D3-BF4B-00C04F79EFBC}") = "05. Number 0 To 9 to Text", "Number 0 To 9 to Text\05. Number 0 To 9 to Text.csproj", "{B640CEE2-0DFC-47A9-AB5E-8FE14590B0E7}"
EndProject
Project("{FAE04EC0-301F-11D3-BF4B-00C04F79EFBC}") = "06. Bonus Score", "06. Bonus Score\06. Bonus Score.csproj", "{05D8C766-908E-4AE7-BD80-47379D3201FC}"
EndProject
Global
	GlobalSection(SolutionConfigurationPlatforms) = preSolution
		Debug|Any CPU = Debug|Any CPU
		Release|Any CPU = Release|Any CPU
	EndGlobalSection
	GlobalSection(ProjectConfigurationPlatforms) = postSolution
		{A1F234CC-DAE9-44BF-8B3F-AF7D069F8FEF}.Debug|Any CPU.ActiveCfg = Debug|Any CPU
		{A1F234CC-DAE9-44BF-8B3F-AF7D069F8FEF}.Debug|Any CPU.Build.0 = Debug|Any CPU
		{A1F234CC-DAE9-44BF-8B3F-AF7D069F8FEF}.Release|Any CPU.ActiveCfg = Release|Any CPU
		{A1F234CC-DAE9-44BF-8B3F-AF7D069F8FEF}.Release|Any CPU.Build.0 = Release|Any CPU
		{8C9F9617-60C9-471D-B493-73BEADDF33E8}.Debug|Any CPU.ActiveCfg = Debug|Any CPU
		{8C9F9617-60C9-471D-B493-73BEADDF33E8}.Debug|Any CPU.Build.0 = Debug|Any CPU
		{8C9F9617-60C9-471D-B493-73BEADDF33E8}.Release|Any CPU.ActiveCfg = Release|Any CPU
		{8C9F9617-60C9-471D-B493-73BEADDF33E8}.Release|Any CPU.Build.0 = Release|Any CPU
		{F4774A6C-6D25-431B-992C-7F9FD09C8B01}.Debug|Any CPU.ActiveCfg = Debug|Any CPU
		{F4774A6C-6D25-431B-992C-7F9FD09C8B01}.Debug|Any CPU.Build.0 = Debug|Any CPU
		{F4774A6C-6D25-431B-992C-7F9FD09C8B01}.Release|Any CPU.ActiveCfg = Release|Any CPU
		{F4774A6C-6D25-431B-992C-7F9FD09C8B01}.Release|Any CPU.Build.0 = Release|Any CPU
		{0F9D2462-436F-4FEE-811D-43C8082CB838}.Debug|Any CPU.ActiveCfg = Debug|Any CPU
		{0F9D2462-436F-4FEE-811D-43C8082CB838}.Debug|Any CPU.Build.0 = Debug|Any CPU
		{0F9D2462-436F-4FEE-811D-43C8082CB838}.Release|Any CPU.ActiveCfg = Release|Any CPU
		{0F9D2462-436F-4FEE-811D-43C8082CB838}.Release|Any CPU.Build.0 = Release|Any CPU
		{B640CEE2-0DFC-47A9-AB5E-8FE14590B0E7}.Debug|Any CPU.ActiveCfg = Debug|Any CPU
		{B640CEE2-0DFC-47A9-AB5E-8FE14590B0E7}.Debug|Any CPU.Build.0 = Debug|Any CPU
		{B640CEE2-0DFC-47A9-AB5E-8FE14590B0E7}.Release|Any CPU.ActiveCfg = Release|Any CPU
		{B640CEE2-0DFC-47A9-AB5E-8FE14590B0E7}.Release|Any CPU.Build.0 = Release|Any CPU
		{05D8C766-908E-4AE7-BD80-47379D3201FC}.Debug|Any CPU.ActiveCfg = Debug|Any CPU
		{05D8C766-908E-4AE7-BD80-47379D3201FC}.Debug|Any CPU.Build.0 = Debug|Any CPU
		{05D8C766-908E-4AE7-BD80-47379D3201FC}.Release|Any CPU.ActiveCfg = Release|Any CPU
		{05D8C766-908E-4AE7-BD80-47379D3201FC}.Release|Any CPU.Build.0 = Release|Any CPU
	EndGlobalSection
	GlobalSection(SolutionProperties) = preSolution
		HideSolutionNode = FALSE
	EndGlobalSection
	GlobalSection(ExtensibilityGlobals) = postSolution
		SolutionGuid = {BA37B270-4758-490D-B7F2-43B64A8E02A0}
	EndGlobalSection
EndGlobal
