
Microsoft Visual Studio Solution File, Format Version 12.00
# Visual Studio 15
VisualStudioVersion = 15.0.26730.12
MinimumVisualStudioVersion = 10.0.40219.1
Project("{FAE04EC0-301F-11D3-BF4B-00C04F79EFBC}") = "01. Excellent Result", "01. Excellent Result\01. Excellent Result.csproj", "{A1F234CC-DAE9-44BF-8B3F-AF7D069F8FEF}"
EndProject
Project("{FAE04EC0-301F-11D3-BF4B-00C04F79EFBC}") = "02. Excellent or Not", "02. Excellent or Not\02. Excellent or Not.csproj", "{8C9F9617-60C9-471D-B493-73BEADDF33E8}"
EndProject
Project("{FAE04EC0-301F-11D3-BF4B-00C04F79EFBC}") = "03. Even or Odd", "03. Even or Odd\03. Even or Odd.csproj", "{F4774A6C-6D25-431B-992C-7F9FD09C8B01}"
EndProject
Project("{FAE04EC0-301F-11D3-BF4B-00C04F79EFBC}") = "04. Greater Number", "04. Greater Number\04. Greater Number.csproj", "{0F9D2462-436F-4FEE-811D-43C8082CB838}"
EndProject
Project("{FAE04EC0-301F-11D3-BF4B-00C04F79EFBC}") = "05. Number 0 To 9 to Text", "Number 0 To 9 to Text\05. Number 0 To 9 to Text.csproj", "{B640CEE2-0DFC-47A9-AB5E-8FE14590B0E7}"
EndProject
Project("{FAE04EC0-301F-11D3-BF4B-00C04F79EFBC}") = "06. Bonus Score", "06. Bonus Score\06. Bonus Score.csproj", "{05D8C766-908E-4AE7-BD80-47379D3201FC}"
EndProject
Project("{FAE04EC0-301F-11D3-BF4B-00C04F79EFBC}") = "07. Sum Seconds", "07. Sum Seconds\07. Sum Seconds.csproj", "{4580534B-72A6-4CB1-90F8-FDBCB93F97F7}"
EndProject
Project("{FAE04EC0-301F-11D3-BF4B-00C04F79EFBC}") = "08. Metric Converter", "08. Metric Converter\08. Metric Converter.csproj", "{094C034D-5444-4BBC-B5A9-7A919C372375}"
EndProject
Project("{FAE04EC0-301F-11D3-BF4B-00C04F79EFBC}") = "09. Password Guess", "09. Password Guess\09. Password Guess.csproj", "{E570FF90-B8D7-4AC4-8F06-470CB6391DA8}"
EndProject
Project("{FAE04EC0-301F-11D3-BF4B-00C04F79EFBC}") = "10. Number 100 To 200", "Number 100 To 200\10. Number 100 To 200.csproj", "{9F40428F-60AA-4363-8958-7E9FAEBD7043}"
EndProject
Project("{FAE04EC0-301F-11D3-BF4B-00C04F79EFBC}") = "11. Equal Words", "11. Equal Words\11. Equal Words.csproj", "{069368C8-0C2C-4060-828D-1EE0370D9CFC}"
EndProject
Project("{FAE04EC0-301F-11D3-BF4B-00C04F79EFBC}") = "12. Speed Info", "12. Speed Info\12. Speed Info.csproj", "{7E7D2155-CA2D-4978-917C-4C4CC034FC92}"
EndProject
Project("{FAE04EC0-301F-11D3-BF4B-00C04F79EFBC}") = "13. Area of Figures", "13. Area of Figures\13. Area of Figures.csproj", "{F2F1CE27-733C-4B66-84AA-4EF6F514E3C8}"
EndProject
Project("{FAE04EC0-301F-11D3-BF4B-00C04F79EFBC}") = "14. Time Plus 15 Minutes", "14. Time Plus 15 Minutes\14. Time Plus 15 Minutes.csproj", "{E44B059F-6811-4B4A-B4FE-F59CC32D859A}"
EndProject
Global
	GlobalSection(SolutionConfigurationPlatforms) = preSolution
		Debug|Any CPU = Debug|Any CPU
		Release|Any CPU = Release|Any CPU
	EndGlobalSection
	GlobalSection(ProjectConfigurationPlatforms) = postSolution
		{A1F234CC-DAE9-44BF-8B3F-AF7D069F8FEF}.Debug|Any CPU.ActiveCfg = Debug|Any CPU
		{A1F234CC-DAE9-44BF-8B3F-AF7D069F8FEF}.Debug|Any CPU.Build.0 = Debug|Any CPU
		{A1F234CC-DAE9-44BF-8B3F-AF7D069F8FEF}.Release|Any CPU.ActiveCfg = Release|Any CPU
		{A1F234CC-DAE9-44BF-8B3F-AF7D069F8FEF}.Release|Any CPU.Build.0 = Release|Any CPU
		{8C9F9617-60C9-471D-B493-73BEADDF33E8}.Debug|Any CPU.ActiveCfg = Debug|Any CPU
		{8C9F9617-60C9-471D-B493-73BEADDF33E8}.Debug|Any CPU.Build.0 = Debug|Any CPU
		{8C9F9617-60C9-471D-B493-73BEADDF33E8}.Release|Any CPU.ActiveCfg = Release|Any CPU
		{8C9F9617-60C9-471D-B493-73BEADDF33E8}.Release|Any CPU.Build.0 = Release|Any CPU
		{F4774A6C-6D25-431B-992C-7F9FD09C8B01}.Debug|Any CPU.ActiveCfg = Debug|Any CPU
		{F4774A6C-6D25-431B-992C-7F9FD09C8B01}.Debug|Any CPU.Build.0 = Debug|Any CPU
		{F4774A6C-6D25-431B-992C-7F9FD09C8B01}.Release|Any CPU.ActiveCfg = Release|Any CPU
		{F4774A6C-6D25-431B-992C-7F9FD09C8B01}.Release|Any CPU.Build.0 = Release|Any CPU
		{0F9D2462-436F-4FEE-811D-43C8082CB838}.Debug|Any CPU.ActiveCfg = Debug|Any CPU
		{0F9D2462-436F-4FEE-811D-43C8082CB838}.Debug|Any CPU.Build.0 = Debug|Any CPU
		{0F9D2462-436F-4FEE-811D-43C8082CB838}.Release|Any CPU.ActiveCfg = Release|Any CPU
		{0F9D2462-436F-4FEE-811D-43C8082CB838}.Release|Any CPU.Build.0 = Release|Any CPU
		{B640CEE2-0DFC-47A9-AB5E-8FE14590B0E7}.Debug|Any CPU.ActiveCfg = Debug|Any CPU
		{B640CEE2-0DFC-47A9-AB5E-8FE14590B0E7}.Debug|Any CPU.Build.0 = Debug|Any CPU
		{B640CEE2-0DFC-47A9-AB5E-8FE14590B0E7}.Release|Any CPU.ActiveCfg = Release|Any CPU
		{B640CEE2-0DFC-47A9-AB5E-8FE14590B0E7}.Release|Any CPU.Build.0 = Release|Any CPU
		{05D8C766-908E-4AE7-BD80-47379D3201FC}.Debug|Any CPU.ActiveCfg = Debug|Any CPU
		{05D8C766-908E-4AE7-BD80-47379D3201FC}.Debug|Any CPU.Build.0 = Debug|Any CPU
		{05D8C766-908E-4AE7-BD80-47379D3201FC}.Release|Any CPU.ActiveCfg = Release|Any CPU
		{05D8C766-908E-4AE7-BD80-47379D3201FC}.Release|Any CPU.Build.0 = Release|Any CPU
		{4580534B-72A6-4CB1-90F8-FDBCB93F97F7}.Debug|Any CPU.ActiveCfg = Debug|Any CPU
		{4580534B-72A6-4CB1-90F8-FDBCB93F97F7}.Debug|Any CPU.Build.0 = Debug|Any CPU
		{4580534B-72A6-4CB1-90F8-FDBCB93F97F7}.Release|Any CPU.ActiveCfg = Release|Any CPU
		{4580534B-72A6-4CB1-90F8-FDBCB93F97F7}.Release|Any CPU.Build.0 = Release|Any CPU
		{094C034D-5444-4BBC-B5A9-7A919C372375}.Debug|Any CPU.ActiveCfg = Debug|Any CPU
		{094C034D-5444-4BBC-B5A9-7A919C372375}.Debug|Any CPU.Build.0 = Debug|Any CPU
		{094C034D-5444-4BBC-B5A9-7A919C372375}.Release|Any CPU.ActiveCfg = Release|Any CPU
		{094C034D-5444-4BBC-B5A9-7A919C372375}.Release|Any CPU.Build.0 = Release|Any CPU
		{E570FF90-B8D7-4AC4-8F06-470CB6391DA8}.Debug|Any CPU.ActiveCfg = Debug|Any CPU
		{E570FF90-B8D7-4AC4-8F06-470CB6391DA8}.Debug|Any CPU.Build.0 = Debug|Any CPU
		{E570FF90-B8D7-4AC4-8F06-470CB6391DA8}.Release|Any CPU.ActiveCfg = Release|Any CPU
		{E570FF90-B8D7-4AC4-8F06-470CB6391DA8}.Release|Any CPU.Build.0 = Release|Any CPU
		{9F40428F-60AA-4363-8958-7E9FAEBD7043}.Debug|Any CPU.ActiveCfg = Debug|Any CPU
		{9F40428F-60AA-4363-8958-7E9FAEBD7043}.Debug|Any CPU.Build.0 = Debug|Any CPU
		{9F40428F-60AA-4363-8958-7E9FAEBD7043}.Release|Any CPU.ActiveCfg = Release|Any CPU
		{9F40428F-60AA-4363-8958-7E9FAEBD7043}.Release|Any CPU.Build.0 = Release|Any CPU
		{069368C8-0C2C-4060-828D-1EE0370D9CFC}.Debug|Any CPU.ActiveCfg = Debug|Any CPU
		{069368C8-0C2C-4060-828D-1EE0370D9CFC}.Debug|Any CPU.Build.0 = Debug|Any CPU
		{069368C8-0C2C-4060-828D-1EE0370D9CFC}.Release|Any CPU.ActiveCfg = Release|Any CPU
		{069368C8-0C2C-4060-828D-1EE0370D9CFC}.Release|Any CPU.Build.0 = Release|Any CPU
		{7E7D2155-CA2D-4978-917C-4C4CC034FC92}.Debug|Any CPU.ActiveCfg = Debug|Any CPU
		{7E7D2155-CA2D-4978-917C-4C4CC034FC92}.Debug|Any CPU.Build.0 = Debug|Any CPU
		{7E7D2155-CA2D-4978-917C-4C4CC034FC92}.Release|Any CPU.ActiveCfg = Release|Any CPU
		{7E7D2155-CA2D-4978-917C-4C4CC034FC92}.Release|Any CPU.Build.0 = Release|Any CPU
		{F2F1CE27-733C-4B66-84AA-4EF6F514E3C8}.Debug|Any CPU.ActiveCfg = Debug|Any CPU
		{F2F1CE27-733C-4B66-84AA-4EF6F514E3C8}.Debug|Any CPU.Build.0 = Debug|Any CPU
		{F2F1CE27-733C-4B66-84AA-4EF6F514E3C8}.Release|Any CPU.ActiveCfg = Release|Any CPU
		{F2F1CE27-733C-4B66-84AA-4EF6F514E3C8}.Release|Any CPU.Build.0 = Release|Any CPU
		{E44B059F-6811-4B4A-B4FE-F59CC32D859A}.Debug|Any CPU.ActiveCfg = Debug|Any CPU
		{E44B059F-6811-4B4A-B4FE-F59CC32D859A}.Debug|Any CPU.Build.0 = Debug|Any CPU
		{E44B059F-6811-4B4A-B4FE-F59CC32D859A}.Release|Any CPU.ActiveCfg = Release|Any CPU
		{E44B059F-6811-4B4A-B4FE-F59CC32D859A}.Release|Any CPU.Build.0 = Release|Any CPU
	EndGlobalSection
	GlobalSection(SolutionProperties) = preSolution
		HideSolutionNode = FALSE
	EndGlobalSection
	GlobalSection(ExtensibilityGlobals) = postSolution
		SolutionGuid = {BA37B270-4758-490D-B7F2-43B64A8E02A0}
	EndGlobalSection
EndGlobal
