
Microsoft Visual Studio Solution File, Format Version 12.00
# Visual Studio 15
VisualStudioVersion = 15.0.26730.12
MinimumVisualStudioVersion = 10.0.40219.1
Project("{FAE04EC0-301F-11D3-BF4B-00C04F79EFBC}") = "01. Hello SoftUni", "01. Hello SoftUni\01. Hello SoftUni.csproj", "{C55118F7-1B44-4BDB-A097-802986AA0570}"
EndProject
Project("{FAE04EC0-301F-11D3-BF4B-00C04F79EFBC}") = "02. Expression", "02. Expression\02. Expression.csproj", "{21DE8CED-6D7A-449E-A5AB-1BEDF9535C21}"
EndProject
Project("{FAE04EC0-301F-11D3-BF4B-00C04F79EFBC}") = "03. Nums 1 To 20", "03. Nums 1 To 20\03. Nums 1 To 20.csproj", "{E2427939-1BFC-41DF-A381-306F037A6EC2}"
EndProject
Project("{FAE04EC0-301F-11D3-BF4B-00C04F79EFBC}") = "04. Triangle of 55 Stars", "04. Triangle of 55 Stars\04. Triangle of 55 Stars.csproj", "{8580E106-CA79-4D55-988A-B3641ED3E5E7}"
EndProject
Project("{FAE04EC0-301F-11D3-BF4B-00C04F79EFBC}") = "05. Rectangle Area", "05. Rectangle Area\05. Rectangle Area.csproj", "{B981F5E0-F7A9-4C6E-81CB-0807D2CA0A14}"
EndProject
Global
	GlobalSection(SolutionConfigurationPlatforms) = preSolution
		Debug|Any CPU = Debug|Any CPU
		Release|Any CPU = Release|Any CPU
	EndGlobalSection
	GlobalSection(ProjectConfigurationPlatforms) = postSolution
		{C55118F7-1B44-4BDB-A097-802986AA0570}.Debug|Any CPU.ActiveCfg = Debug|Any CPU
		{C55118F7-1B44-4BDB-A097-802986AA0570}.Debug|Any CPU.Build.0 = Debug|Any CPU
		{C55118F7-1B44-4BDB-A097-802986AA0570}.Release|Any CPU.ActiveCfg = Release|Any CPU
		{C55118F7-1B44-4BDB-A097-802986AA0570}.Release|Any CPU.Build.0 = Release|Any CPU
		{21DE8CED-6D7A-449E-A5AB-1BEDF9535C21}.Debug|Any CPU.ActiveCfg = Debug|Any CPU
		{21DE8CED-6D7A-449E-A5AB-1BEDF9535C21}.Debug|Any CPU.Build.0 = Debug|Any CPU
		{21DE8CED-6D7A-449E-A5AB-1BEDF9535C21}.Release|Any CPU.ActiveCfg = Release|Any CPU
		{21DE8CED-6D7A-449E-A5AB-1BEDF9535C21}.Release|Any CPU.Build.0 = Release|Any CPU
		{E2427939-1BFC-41DF-A381-306F037A6EC2}.Debug|Any CPU.ActiveCfg = Debug|Any CPU
		{E2427939-1BFC-41DF-A381-306F037A6EC2}.Debug|Any CPU.Build.0 = Debug|Any CPU
		{E2427939-1BFC-41DF-A381-306F037A6EC2}.Release|Any CPU.ActiveCfg = Release|Any CPU
		{E2427939-1BFC-41DF-A381-306F037A6EC2}.Release|Any CPU.Build.0 = Release|Any CPU
		{8580E106-CA79-4D55-988A-B3641ED3E5E7}.Debug|Any CPU.ActiveCfg = Debug|Any CPU
		{8580E106-CA79-4D55-988A-B3641ED3E5E7}.Debug|Any CPU.Build.0 = Debug|Any CPU
		{8580E106-CA79-4D55-988A-B3641ED3E5E7}.Release|Any CPU.ActiveCfg = Release|Any CPU
		{8580E106-CA79-4D55-988A-B3641ED3E5E7}.Release|Any CPU.Build.0 = Release|Any CPU
		{B981F5E0-F7A9-4C6E-81CB-0807D2CA0A14}.Debug|Any CPU.ActiveCfg = Debug|Any CPU
		{B981F5E0-F7A9-4C6E-81CB-0807D2CA0A14}.Debug|Any CPU.Build.0 = Debug|Any CPU
		{B981F5E0-F7A9-4C6E-81CB-0807D2CA0A14}.Release|Any CPU.ActiveCfg = Release|Any CPU
		{B981F5E0-F7A9-4C6E-81CB-0807D2CA0A14}.Release|Any CPU.Build.0 = Release|Any CPU
	EndGlobalSection
	GlobalSection(SolutionProperties) = preSolution
		HideSolutionNode = FALSE
	EndGlobalSection
	GlobalSection(ExtensibilityGlobals) = postSolution
		SolutionGuid = {16B749E8-66A5-489A-8A1B-CC358468DF31}
	EndGlobalSection
EndGlobal
