
Microsoft Visual Studio Solution File, Format Version 12.00
# Visual Studio 15
VisualStudioVersion = 15.0.26730.12
MinimumVisualStudioVersion = 10.0.40219.1
Project("{FAE04EC0-301F-11D3-BF4B-00C04F79EFBC}") = "01. Personal Titles", "01. Personal Titles\01. Personal Titles.csproj", "{E6D846BA-DC51-4418-8E8E-9D4259322B14}"
EndProject
Project("{FAE04EC0-301F-11D3-BF4B-00C04F79EFBC}") = "02. Small Shop", "02. Small Shop\02. Small Shop.csproj", "{34698978-4770-49AF-B96F-FD62D1DC3B43}"
EndProject
Project("{FAE04EC0-301F-11D3-BF4B-00C04F79EFBC}") = "03. Point in Rectangle", "03. Point in Rectangle\03. Point in Rectangle.csproj", "{630B1763-FEEA-46A3-8E21-2E308A1040E4}"
EndProject
Project("{FAE04EC0-301F-11D3-BF4B-00C04F79EFBC}") = "04. Fruit or Vegetable", "04. Fruit or Vegetable\04. Fruit or Vegetable.csproj", "{4EB8F35C-8522-48E1-9267-CA665971A232}"
EndProject
Project("{FAE04EC0-301F-11D3-BF4B-00C04F79EFBC}") = "05. Invalid Number", "05. Invalid Number\05. Invalid Number.csproj", "{88C1BB16-960C-42AC-A4A4-0794401A7243}"
EndProject
Project("{FAE04EC0-301F-11D3-BF4B-00C04F79EFBC}") = "06. Point on Rectangle Border", "06. Point on Rectangle Border\06. Point on Rectangle Border.csproj", "{F7F347D6-090A-4AE7-A991-FAB60826A408}"
EndProject
Project("{FAE04EC0-301F-11D3-BF4B-00C04F79EFBC}") = "07. Fruit Shop", "07. Fruit Shop\07. Fruit Shop.csproj", "{4C13D63D-C00A-439C-87F6-72BD2702B9DB}"
EndProject
Project("{FAE04EC0-301F-11D3-BF4B-00C04F79EFBC}") = "08. Trade Comissions", "08. Trade Comissions\08. Trade Comissions.csproj", "{CD77BAFF-7893-4EE8-A6EC-5C86D37D62B7}"
EndProject
Project("{FAE04EC0-301F-11D3-BF4B-00C04F79EFBC}") = "09. Day of Week", "09. Day of Week\09. Day of Week.csproj", "{E15C155F-705A-4157-92EC-125B3A747AD7}"
EndProject
Global
	GlobalSection(SolutionConfigurationPlatforms) = preSolution
		Debug|Any CPU = Debug|Any CPU
		Release|Any CPU = Release|Any CPU
	EndGlobalSection
	GlobalSection(ProjectConfigurationPlatforms) = postSolution
		{E6D846BA-DC51-4418-8E8E-9D4259322B14}.Debug|Any CPU.ActiveCfg = Debug|Any CPU
		{E6D846BA-DC51-4418-8E8E-9D4259322B14}.Debug|Any CPU.Build.0 = Debug|Any CPU
		{E6D846BA-DC51-4418-8E8E-9D4259322B14}.Release|Any CPU.ActiveCfg = Release|Any CPU
		{E6D846BA-DC51-4418-8E8E-9D4259322B14}.Release|Any CPU.Build.0 = Release|Any CPU
		{34698978-4770-49AF-B96F-FD62D1DC3B43}.Debug|Any CPU.ActiveCfg = Debug|Any CPU
		{34698978-4770-49AF-B96F-FD62D1DC3B43}.Debug|Any CPU.Build.0 = Debug|Any CPU
		{34698978-4770-49AF-B96F-FD62D1DC3B43}.Release|Any CPU.ActiveCfg = Release|Any CPU
		{34698978-4770-49AF-B96F-FD62D1DC3B43}.Release|Any CPU.Build.0 = Release|Any CPU
		{630B1763-FEEA-46A3-8E21-2E308A1040E4}.Debug|Any CPU.ActiveCfg = Debug|Any CPU
		{630B1763-FEEA-46A3-8E21-2E308A1040E4}.Debug|Any CPU.Build.0 = Debug|Any CPU
		{630B1763-FEEA-46A3-8E21-2E308A1040E4}.Release|Any CPU.ActiveCfg = Release|Any CPU
		{630B1763-FEEA-46A3-8E21-2E308A1040E4}.Release|Any CPU.Build.0 = Release|Any CPU
		{4EB8F35C-8522-48E1-9267-CA665971A232}.Debug|Any CPU.ActiveCfg = Debug|Any CPU
		{4EB8F35C-8522-48E1-9267-CA665971A232}.Debug|Any CPU.Build.0 = Debug|Any CPU
		{4EB8F35C-8522-48E1-9267-CA665971A232}.Release|Any CPU.ActiveCfg = Release|Any CPU
		{4EB8F35C-8522-48E1-9267-CA665971A232}.Release|Any CPU.Build.0 = Release|Any CPU
		{88C1BB16-960C-42AC-A4A4-0794401A7243}.Debug|Any CPU.ActiveCfg = Debug|Any CPU
		{88C1BB16-960C-42AC-A4A4-0794401A7243}.Debug|Any CPU.Build.0 = Debug|Any CPU
		{88C1BB16-960C-42AC-A4A4-0794401A7243}.Release|Any CPU.ActiveCfg = Release|Any CPU
		{88C1BB16-960C-42AC-A4A4-0794401A7243}.Release|Any CPU.Build.0 = Release|Any CPU
		{F7F347D6-090A-4AE7-A991-FAB60826A408}.Debug|Any CPU.ActiveCfg = Debug|Any CPU
		{F7F347D6-090A-4AE7-A991-FAB60826A408}.Debug|Any CPU.Build.0 = Debug|Any CPU
		{F7F347D6-090A-4AE7-A991-FAB60826A408}.Release|Any CPU.ActiveCfg = Release|Any CPU
		{F7F347D6-090A-4AE7-A991-FAB60826A408}.Release|Any CPU.Build.0 = Release|Any CPU
		{4C13D63D-C00A-439C-87F6-72BD2702B9DB}.Debug|Any CPU.ActiveCfg = Debug|Any CPU
		{4C13D63D-C00A-439C-87F6-72BD2702B9DB}.Debug|Any CPU.Build.0 = Debug|Any CPU
		{4C13D63D-C00A-439C-87F6-72BD2702B9DB}.Release|Any CPU.ActiveCfg = Release|Any CPU
		{4C13D63D-C00A-439C-87F6-72BD2702B9DB}.Release|Any CPU.Build.0 = Release|Any CPU
		{CD77BAFF-7893-4EE8-A6EC-5C86D37D62B7}.Debug|Any CPU.ActiveCfg = Debug|Any CPU
		{CD77BAFF-7893-4EE8-A6EC-5C86D37D62B7}.Debug|Any CPU.Build.0 = Debug|Any CPU
		{CD77BAFF-7893-4EE8-A6EC-5C86D37D62B7}.Release|Any CPU.ActiveCfg = Release|Any CPU
		{CD77BAFF-7893-4EE8-A6EC-5C86D37D62B7}.Release|Any CPU.Build.0 = Release|Any CPU
		{E15C155F-705A-4157-92EC-125B3A747AD7}.Debug|Any CPU.ActiveCfg = Debug|Any CPU
		{E15C155F-705A-4157-92EC-125B3A747AD7}.Debug|Any CPU.Build.0 = Debug|Any CPU
		{E15C155F-705A-4157-92EC-125B3A747AD7}.Release|Any CPU.ActiveCfg = Release|Any CPU
		{E15C155F-705A-4157-92EC-125B3A747AD7}.Release|Any CPU.Build.0 = Release|Any CPU
	EndGlobalSection
	GlobalSection(SolutionProperties) = preSolution
		HideSolutionNode = FALSE
	EndGlobalSection
	GlobalSection(ExtensibilityGlobals) = postSolution
		SolutionGuid = {B0235C80-6040-42AD-94F0-8CFA738B7F86}
	EndGlobalSection
EndGlobal
